
Microsoft Visual Studio Solution File, Format Version 12.00
# Visual Studio Version 17
VisualStudioVersion = 17.3.32811.315
MinimumVisualStudioVersion = 10.0.40219.1
Project("{FAE04EC0-301F-11D3-BF4B-00C04F79EFBC}") = "ConsultaEndereco", "ConsultaEndereco.csproj", "{D0463B0C-014A-4BAF-9331-89C452BA6B8E}"
EndProject
Global
	GlobalSection(SolutionConfigurationPlatforms) = preSolution
		Debug|Any CPU = Debug|Any CPU
		Release|Any CPU = Release|Any CPU
	EndGlobalSection
	GlobalSection(ProjectConfigurationPlatforms) = postSolution
		{D0463B0C-014A-4BAF-9331-89C452BA6B8E}.Debug|Any CPU.ActiveCfg = Debug|Any CPU
		{D0463B0C-014A-4BAF-9331-89C452BA6B8E}.Debug|Any CPU.Build.0 = Debug|Any CPU
		{D0463B0C-014A-4BAF-9331-89C452BA6B8E}.Release|Any CPU.ActiveCfg = Release|Any CPU
		{D0463B0C-014A-4BAF-9331-89C452BA6B8E}.Release|Any CPU.Build.0 = Release|Any CPU
	EndGlobalSection
	GlobalSection(SolutionProperties) = preSolution
		HideSolutionNode = FALSE
	EndGlobalSection
	GlobalSection(ExtensibilityGlobals) = postSolution
		SolutionGuid = {8BF1C482-EAE7-41B1-8CF0-49307072E86E}
	EndGlobalSection
EndGlobal
